# THIS IS AN AUTOGENERATED FILE. DO NOT EDIT THIS FILE DIRECTLY.
# yarn lockfile v1


pocketbase@^0.18.3:
  version "0.18.3"
  resolved "https://registry.yarnpkg.com/pocketbase/-/pocketbase-0.18.3.tgz#e66cc4220315afd56e702f07914f9535f1c99faf"
  integrity sha512-zE4+oue0p0Ntwoil17b2geBpPwV6B6bYdsbXmNWmod6XOqBK2+jLDT5/SlAP3une4bo3U5ZAW2GvigEBAV3bBg==
